# generated by rye
# use `rye lock` or `rye sync` to update this lockfile
#
# last locked with the following flags:
#   pre: false
#   features: []
#   all-features: true
#   with-sources: false

-e file:.
attrs==23.2.0
    # via pytype
bandit==1.7.8
blinker==1.8.2
    # via flask
cachetools==5.3.3
    # via google-auth
certifi==2024.2.2
    # via elastic-transport
    # via opensearch-py
    # via requests
    # via slo-generator
cfgv==3.4.0
    # via pre-commit
charset-normalizer==3.3.2
    # via requests
click==8.1.7
    # via flask
    # via functions-framework
    # via safety
    # via slo-generator
cloudevents==1.10.1
    # via functions-framework
    # via slo-generator
coverage==7.5.1
    # via pytest-cov
datadog==0.49.1
    # via slo-generator
deprecation==2.1.0
    # via cloudevents
    # via splunk-sdk
distlib==0.3.8
    # via virtualenv
dparse==0.6.3
    # via safety
elastic-transport==8.13.0
    # via elasticsearch
elasticsearch==8.13.1
    # via slo-generator
filelock==3.14.0
    # via virtualenv
flask==3.0.3
    # via functions-framework
    # via slo-generator
functions-framework==3.5.0
    # via slo-generator
google-api-core==2.19.0
    # via google-api-python-client
    # via google-cloud-bigquery
    # via google-cloud-core
    # via google-cloud-monitoring
    # via google-cloud-pubsub
    # via google-cloud-storage
google-api-python-client==2.129.0
    # via slo-generator
google-auth==2.29.0
    # via google-api-core
    # via google-api-python-client
    # via google-auth-httplib2
    # via google-cloud-bigquery
    # via google-cloud-core
    # via google-cloud-monitoring
    # via google-cloud-pubsub
    # via google-cloud-storage
google-auth-httplib2==0.2.0
    # via google-api-python-client
google-cloud-bigquery==3.22.0
    # via slo-generator
google-cloud-core==2.4.1
    # via google-cloud-bigquery
    # via google-cloud-storage
google-cloud-monitoring==2.21.0
    # via slo-generator
google-cloud-pubsub==2.21.1
    # via slo-generator
google-cloud-storage==2.16.0
    # via slo-generator
google-crc32c==1.5.0
    # via google-cloud-storage
    # via google-resumable-media
google-resumable-media==2.7.0
    # via google-cloud-bigquery
    # via google-cloud-storage
googleapis-common-protos==1.63.0
    # via google-api-core
    # via grpc-google-iam-v1
    # via grpcio-status
grpc-google-iam-v1==0.13.0
    # via google-cloud-pubsub
grpcio==1.63.0
    # via google-api-core
    # via google-cloud-pubsub
    # via googleapis-common-protos
    # via grpc-google-iam-v1
    # via grpcio-status
grpcio-status==1.62.2
    # via google-api-core
    # via google-cloud-pubsub
gunicorn==22.0.0
    # via functions-framework
    # via slo-generator
httplib2==0.22.0
    # via google-api-python-client
    # via google-auth-httplib2
identify==2.5.36
    # via pre-commit
idna==3.7
    # via requests
immutabledict==4.2.0
    # via pytype
importlab==0.8.1
    # via pytype
iniconfig==2.0.0
    # via pytest
itsdangerous==2.2.0
    # via flask
jinja2==3.1.4
    # via flask
    # via pytype
libcst==1.1.0
    # via pytype
markdown-it-py==3.0.0
    # via rich
markupsafe==2.1.5
    # via jinja2
    # via werkzeug
mdurl==0.1.2
    # via markdown-it-py
mock==5.1.0
msgspec==0.18.6
    # via pytype
mypy==1.10.0
mypy-extensions==1.0.0
    # via mypy
    # via typing-inspect
networkx==3.1
    # via importlab
    # via pytype
ninja==1.11.1.1
    # via pytype
nodeenv==1.8.0
    # via pre-commit
opensearch-py==2.4.2
    # via slo-generator
packaging==21.3
    # via deprecation
    # via dparse
    # via google-cloud-bigquery
    # via gunicorn
    # via pytest
    # via safety
pbr==6.0.0
    # via stevedore
platformdirs==4.2.2
    # via virtualenv
pluggy==1.5.0
    # via pytest
pre-commit==3.5.0
prometheus-client==0.20.0
    # via slo-generator
prometheus-http-client==1.0.0
    # via slo-generator
proto-plus==1.23.0
    # via google-api-core
    # via google-cloud-monitoring
    # via google-cloud-pubsub
protobuf==4.25.3
    # via google-api-core
    # via google-cloud-monitoring
    # via google-cloud-pubsub
    # via googleapis-common-protos
    # via grpc-google-iam-v1
    # via grpcio-status
    # via proto-plus
pyasn1==0.6.0
    # via pyasn1-modules
    # via rsa
pyasn1-modules==0.4.0
    # via google-auth
pycnite==2023.10.11
    # via pytype
pydot==2.0.0
    # via pytype
pygments==2.18.0
    # via rich
pyparsing==3.1.2
    # via httplib2
    # via packaging
    # via pydot
pytest==8.2.0
    # via pytest-cov
pytest-cov==5.0.0
python-dateutil==2.9.0.post0
    # via google-cloud-bigquery
    # via opensearch-py
    # via slo-generator
pytype==2024.4.11
pyyaml==6.0.1
    # via bandit
    # via libcst
    # via pre-commit
    # via slo-generator
requests==2.31.0
    # via datadog
    # via google-api-core
    # via google-cloud-bigquery
    # via google-cloud-storage
    # via opensearch-py
    # via prometheus-http-client
    # via safety
    # via slo-generator
retrying==1.3.4
    # via slo-generator
rich==13.7.1
    # via bandit
rsa==4.9
    # via google-auth
ruamel-yaml==0.18.6
    # via safety
    # via slo-generator
ruamel-yaml-clib==0.2.8
    # via ruamel-yaml
ruff==0.4.4
safety==2.3.5
setuptools==69.5.1
    # via nodeenv
    # via safety
six==1.16.0
    # via opensearch-py
    # via python-dateutil
    # via retrying
splunk-sdk==2.0.1
    # via slo-generator
stevedore==5.2.0
    # via bandit
tabulate==0.9.0
    # via pytype
toml==0.10.2
    # via pytype
types-mock==5.1.0.20240425
types-protobuf==5.26.0.20240422
types-python-dateutil==2.9.0.20240316
types-pyyaml==6.0.12.20240311
types-requests==2.31.0.20240406
types-setuptools==69.5.0.20240513
typing-extensions==4.11.0
    # via libcst
    # via mypy
    # via pytype
    # via typing-inspect
typing-inspect==0.9.0
    # via libcst
uritemplate==4.1.1
    # via google-api-python-client
urllib3==2.2.1
    # via elastic-transport
    # via opensearch-py
    # via requests
    # via types-requests
virtualenv==20.26.2
    # via pre-commit
watchdog==4.0.0
    # via functions-framework
werkzeug==3.0.3
    # via flask
